
Microsoft Visual Studio Solution File, Format Version 12.00
Project("{2150E333-8FDC-42A3-9474-1A3956D46DE8}") = "src", "src", "{1330E03F-0786-4590-8596-DAC2F1E5109E}"
EndProject
Project("{FAE04EC0-301F-11D3-BF4B-00C04F79EFBC}") = "Domain", "Domain\Domain.csproj", "{0D22A2F9-C899-4F6D-A265-3F6048619FD3}"
EndProject
Project("{FAE04EC0-301F-11D3-BF4B-00C04F79EFBC}") = "SharedKernel", "SharedKernel\SharedKernel.csproj", "{B50619D8-9559-4472-8B7E-F390DC3C3B57}"
EndProject
Project("{FAE04EC0-301F-11D3-BF4B-00C04F79EFBC}") = "Application", "Application\Application.csproj", "{538029AD-40A1-4F64-AA4A-F67074846D0A}"
EndProject
Project("{FAE04EC0-301F-11D3-BF4B-00C04F79EFBC}") = "Infrastructure", "Infrastructure\Infrastructure.csproj", "{33EC4315-B0C7-4F96-8DF1-A268B0C4F4C7}"
EndProject
Project("{FAE04EC0-301F-11D3-BF4B-00C04F79EFBC}") = "Web.Api", "Web.Api\Web.Api.csproj", "{36B76D06-630D-4613-9A23-CA2D44E2AD4F}"
EndProject
Global
	GlobalSection(SolutionConfigurationPlatforms) = preSolution
		Debug|Any CPU = Debug|Any CPU
		Release|Any CPU = Release|Any CPU
	EndGlobalSection
	GlobalSection(NestedProjects) = preSolution
		{0D22A2F9-C899-4F6D-A265-3F6048619FD3} = {1330E03F-0786-4590-8596-DAC2F1E5109E}
		{B50619D8-9559-4472-8B7E-F390DC3C3B57} = {1330E03F-0786-4590-8596-DAC2F1E5109E}
		{538029AD-40A1-4F64-AA4A-F67074846D0A} = {1330E03F-0786-4590-8596-DAC2F1E5109E}
		{33EC4315-B0C7-4F96-8DF1-A268B0C4F4C7} = {1330E03F-0786-4590-8596-DAC2F1E5109E}
		{36B76D06-630D-4613-9A23-CA2D44E2AD4F} = {1330E03F-0786-4590-8596-DAC2F1E5109E}
	EndGlobalSection
	GlobalSection(ProjectConfigurationPlatforms) = postSolution
		{0D22A2F9-C899-4F6D-A265-3F6048619FD3}.Debug|Any CPU.ActiveCfg = Debug|Any CPU
		{0D22A2F9-C899-4F6D-A265-3F6048619FD3}.Debug|Any CPU.Build.0 = Debug|Any CPU
		{0D22A2F9-C899-4F6D-A265-3F6048619FD3}.Release|Any CPU.ActiveCfg = Release|Any CPU
		{0D22A2F9-C899-4F6D-A265-3F6048619FD3}.Release|Any CPU.Build.0 = Release|Any CPU
		{B50619D8-9559-4472-8B7E-F390DC3C3B57}.Debug|Any CPU.ActiveCfg = Debug|Any CPU
		{B50619D8-9559-4472-8B7E-F390DC3C3B57}.Debug|Any CPU.Build.0 = Debug|Any CPU
		{B50619D8-9559-4472-8B7E-F390DC3C3B57}.Release|Any CPU.ActiveCfg = Release|Any CPU
		{B50619D8-9559-4472-8B7E-F390DC3C3B57}.Release|Any CPU.Build.0 = Release|Any CPU
		{538029AD-40A1-4F64-AA4A-F67074846D0A}.Debug|Any CPU.ActiveCfg = Debug|Any CPU
		{538029AD-40A1-4F64-AA4A-F67074846D0A}.Debug|Any CPU.Build.0 = Debug|Any CPU
		{538029AD-40A1-4F64-AA4A-F67074846D0A}.Release|Any CPU.ActiveCfg = Release|Any CPU
		{538029AD-40A1-4F64-AA4A-F67074846D0A}.Release|Any CPU.Build.0 = Release|Any CPU
		{33EC4315-B0C7-4F96-8DF1-A268B0C4F4C7}.Debug|Any CPU.ActiveCfg = Debug|Any CPU
		{33EC4315-B0C7-4F96-8DF1-A268B0C4F4C7}.Debug|Any CPU.Build.0 = Debug|Any CPU
		{33EC4315-B0C7-4F96-8DF1-A268B0C4F4C7}.Release|Any CPU.ActiveCfg = Release|Any CPU
		{33EC4315-B0C7-4F96-8DF1-A268B0C4F4C7}.Release|Any CPU.Build.0 = Release|Any CPU
		{36B76D06-630D-4613-9A23-CA2D44E2AD4F}.Debug|Any CPU.ActiveCfg = Debug|Any CPU
		{36B76D06-630D-4613-9A23-CA2D44E2AD4F}.Debug|Any CPU.Build.0 = Debug|Any CPU
		{36B76D06-630D-4613-9A23-CA2D44E2AD4F}.Release|Any CPU.ActiveCfg = Release|Any CPU
		{36B76D06-630D-4613-9A23-CA2D44E2AD4F}.Release|Any CPU.Build.0 = Release|Any CPU
	EndGlobalSection
EndGlobal
