
Microsoft Visual Studio Solution File, Format Version 12.00
# Visual Studio Version 17
VisualStudioVersion = 17.5.002.0
MinimumVisualStudioVersion = 10.0.40219.1
Project("{2150E333-8FDC-42A3-9474-1A3956D46DE8}") = "src", "src", "{2F3134F1-BACA-4EC4-950D-7EF83685347F}"
EndProject
Project("{2150E333-8FDC-42A3-9474-1A3956D46DE8}") = "Common", "Common", "{FD1D83B0-63F0-49BD-95E9-F0D46987F5AE}"
EndProject
Project("{9A19103F-16F7-4668-BE54-9A1E7A4F7556}") = "KaiZai.Common.Types", "src\Common\KaiZai.Common.Types\KaiZai.Common.Types.csproj", "{B016ABB1-D2A1-4D49-9F21-0D91729C3C39}"
EndProject
Project("{2150E333-8FDC-42A3-9474-1A3956D46DE8}") = "Services.Common", "Services.Common", "{55315401-F231-4A68-9963-1742EBAF1B64}"
EndProject
Project("{9A19103F-16F7-4668-BE54-9A1E7A4F7556}") = "KaiZai.Service.Common.MessageExchangeBaseConfigurator", "src\Services.Common\KaiZai.Service.Common.MessageExchangeBaseConfigurator\KaiZai.Service.Common.MessageExchangeBaseConfigurator.csproj", "{A6FCE8ED-4E0B-4721-8A89-E434C0663FD3}"
EndProject
Project("{9A19103F-16F7-4668-BE54-9A1E7A4F7556}") = "KaiZai.Service.Common.MongoDataAccessRepository", "src\Services.Common\KaiZai.Service.Common.MongoDataAccessRepository\KaiZai.Service.Common.MongoDataAccessRepository.csproj", "{375291E9-D378-4130-B787-C9F1B0C3F9B5}"
EndProject
Project("{2150E333-8FDC-42A3-9474-1A3956D46DE8}") = "Web", "Web", "{F523BE54-75FE-41F6-9752-003BB88A11BD}"
EndProject
Project("{9A19103F-16F7-4668-BE54-9A1E7A4F7556}") = "KaiZai.WebSPA", "src\Web\KaiZai.WebSPA\KaiZai.WebSPA.csproj", "{4ACC7F75-7CA4-4059-9978-542646DFA465}"
EndProject
Project("{2150E333-8FDC-42A3-9474-1A3956D46DE8}") = "ApiGateways", "ApiGateways", "{08C75AAD-6921-4882-B9CE-89402FE88762}"
EndProject
Project("{2150E333-8FDC-42A3-9474-1A3956D46DE8}") = "KaiZai.Web.Bff", "KaiZai.Web.Bff", "{C0EB47B3-E126-4220-9F48-68928346AD27}"
EndProject
Project("{9A19103F-16F7-4668-BE54-9A1E7A4F7556}") = "Web.HttpAggregator", "src\ApiGateways\KaiZai.Web.Bff\aggregator\Web.HttpAggregator.csproj", "{49A2321C-9494-4B0E-B400-CDA068BD75A6}"
EndProject
Project("{2150E333-8FDC-42A3-9474-1A3956D46DE8}") = "Services", "Services", "{0E9A98C6-5AB5-4F74-9BB0-D94DBBF06A4B}"
EndProject
Project("{2150E333-8FDC-42A3-9474-1A3956D46DE8}") = "KaiZai.Service.Categories", "KaiZai.Service.Categories", "{76376189-3D1A-4F0C-BE6C-076217AD5422}"
EndProject
Project("{9A19103F-16F7-4668-BE54-9A1E7A4F7556}") = "KaiZai.Service.Categories.API", "src\Services\KaiZai.Service.Categories\KaiZai.Service.Categories.API\KaiZai.Service.Categories.API.csproj", "{A7162CC3-1C23-45F5-AB6C-6BFCFB006EB9}"
EndProject
Project("{9A19103F-16F7-4668-BE54-9A1E7A4F7556}") = "KaiZai.Service.Categories.API.IntegrationTests", "src\Services\KaiZai.Service.Categories\KaiZai.Service.Categories.API.IntegrationTests\KaiZai.Service.Categories.API.IntegrationTests.csproj", "{198C94CF-A93D-4876-A90C-4A5B3EDE3AA0}"
EndProject
Project("{9A19103F-16F7-4668-BE54-9A1E7A4F7556}") = "KaiZai.Service.Categories.Contracts", "src\Services\KaiZai.Service.Categories\KaiZai.Service.Categories.Contracts\KaiZai.Service.Categories.Contracts.csproj", "{51A6839F-6A19-4211-9EA5-605216FBBA93}"
EndProject
Project("{9A19103F-16F7-4668-BE54-9A1E7A4F7556}") = "KaiZai.Service.Categories.UnitTests", "src\Services\KaiZai.Service.Categories\KaiZai.Service.Categories.UnitTests\KaiZai.Service.Categories.UnitTests.csproj", "{F18DE513-9B78-4D1F-B132-090544C1652C}"
EndProject
Project("{2150E333-8FDC-42A3-9474-1A3956D46DE8}") = "KaiZai.Service.Incomes", "KaiZai.Service.Incomes", "{DB787A2D-8479-47A8-A6BA-EC891D36EEEA}"
EndProject
Project("{9A19103F-16F7-4668-BE54-9A1E7A4F7556}") = "KaiZai.Service.Incomes.API", "src\Services\KaiZai.Service.Incomes\KaiZai.Service.Incomes.API\KaiZai.Service.Incomes.API.csproj", "{2983CA35-1ED6-4E4D-BFE9-BA54C9A5872F}"
EndProject
Project("{9A19103F-16F7-4668-BE54-9A1E7A4F7556}") = "KaiZai.Service.Incomes.BAL", "src\Services\KaiZai.Service.Incomes\KaiZai.Service.Incomes.BAL\KaiZai.Service.Incomes.BAL.csproj", "{19EEFB04-CF5C-4F86-AD1B-1D9055C21B65}"
EndProject
Project("{9A19103F-16F7-4668-BE54-9A1E7A4F7556}") = "KaiZai.Service.Incomes.CL", "src\Services\KaiZai.Service.Incomes\KaiZai.Service.Incomes.CL\KaiZai.Service.Incomes.CL.csproj", "{AA1E0E4F-5807-43F2-A93C-41645AAF4846}"
EndProject
Project("{9A19103F-16F7-4668-BE54-9A1E7A4F7556}") = "KaiZai.Service.Incomes.DAL", "src\Services\KaiZai.Service.Incomes\KaiZai.Service.Incomes.DAL\KaiZai.Service.Incomes.DAL.csproj", "{15A57C72-5642-4E17-858D-6CDE5C1B1560}"
EndProject
Global
	GlobalSection(SolutionConfigurationPlatforms) = preSolution
		Debug|Any CPU = Debug|Any CPU
		Release|Any CPU = Release|Any CPU
	EndGlobalSection
	GlobalSection(ProjectConfigurationPlatforms) = postSolution
		{B016ABB1-D2A1-4D49-9F21-0D91729C3C39}.Debug|Any CPU.ActiveCfg = Debug|Any CPU
		{B016ABB1-D2A1-4D49-9F21-0D91729C3C39}.Debug|Any CPU.Build.0 = Debug|Any CPU
		{B016ABB1-D2A1-4D49-9F21-0D91729C3C39}.Release|Any CPU.ActiveCfg = Release|Any CPU
		{B016ABB1-D2A1-4D49-9F21-0D91729C3C39}.Release|Any CPU.Build.0 = Release|Any CPU
		{A6FCE8ED-4E0B-4721-8A89-E434C0663FD3}.Debug|Any CPU.ActiveCfg = Debug|Any CPU
		{A6FCE8ED-4E0B-4721-8A89-E434C0663FD3}.Debug|Any CPU.Build.0 = Debug|Any CPU
		{A6FCE8ED-4E0B-4721-8A89-E434C0663FD3}.Release|Any CPU.ActiveCfg = Release|Any CPU
		{A6FCE8ED-4E0B-4721-8A89-E434C0663FD3}.Release|Any CPU.Build.0 = Release|Any CPU
		{375291E9-D378-4130-B787-C9F1B0C3F9B5}.Debug|Any CPU.ActiveCfg = Debug|Any CPU
		{375291E9-D378-4130-B787-C9F1B0C3F9B5}.Debug|Any CPU.Build.0 = Debug|Any CPU
		{375291E9-D378-4130-B787-C9F1B0C3F9B5}.Release|Any CPU.ActiveCfg = Release|Any CPU
		{375291E9-D378-4130-B787-C9F1B0C3F9B5}.Release|Any CPU.Build.0 = Release|Any CPU
		{4ACC7F75-7CA4-4059-9978-542646DFA465}.Debug|Any CPU.ActiveCfg = Debug|Any CPU
		{4ACC7F75-7CA4-4059-9978-542646DFA465}.Debug|Any CPU.Build.0 = Debug|Any CPU
		{4ACC7F75-7CA4-4059-9978-542646DFA465}.Release|Any CPU.ActiveCfg = Release|Any CPU
		{4ACC7F75-7CA4-4059-9978-542646DFA465}.Release|Any CPU.Build.0 = Release|Any CPU
		{49A2321C-9494-4B0E-B400-CDA068BD75A6}.Debug|Any CPU.ActiveCfg = Debug|Any CPU
		{49A2321C-9494-4B0E-B400-CDA068BD75A6}.Debug|Any CPU.Build.0 = Debug|Any CPU
		{49A2321C-9494-4B0E-B400-CDA068BD75A6}.Release|Any CPU.ActiveCfg = Release|Any CPU
		{49A2321C-9494-4B0E-B400-CDA068BD75A6}.Release|Any CPU.Build.0 = Release|Any CPU
		{A7162CC3-1C23-45F5-AB6C-6BFCFB006EB9}.Debug|Any CPU.ActiveCfg = Debug|Any CPU
		{A7162CC3-1C23-45F5-AB6C-6BFCFB006EB9}.Debug|Any CPU.Build.0 = Debug|Any CPU
		{A7162CC3-1C23-45F5-AB6C-6BFCFB006EB9}.Release|Any CPU.ActiveCfg = Release|Any CPU
		{A7162CC3-1C23-45F5-AB6C-6BFCFB006EB9}.Release|Any CPU.Build.0 = Release|Any CPU
		{198C94CF-A93D-4876-A90C-4A5B3EDE3AA0}.Debug|Any CPU.ActiveCfg = Debug|Any CPU
		{198C94CF-A93D-4876-A90C-4A5B3EDE3AA0}.Debug|Any CPU.Build.0 = Debug|Any CPU
		{198C94CF-A93D-4876-A90C-4A5B3EDE3AA0}.Release|Any CPU.ActiveCfg = Release|Any CPU
		{198C94CF-A93D-4876-A90C-4A5B3EDE3AA0}.Release|Any CPU.Build.0 = Release|Any CPU
		{51A6839F-6A19-4211-9EA5-605216FBBA93}.Debug|Any CPU.ActiveCfg = Debug|Any CPU
		{51A6839F-6A19-4211-9EA5-605216FBBA93}.Debug|Any CPU.Build.0 = Debug|Any CPU
		{51A6839F-6A19-4211-9EA5-605216FBBA93}.Release|Any CPU.ActiveCfg = Release|Any CPU
		{51A6839F-6A19-4211-9EA5-605216FBBA93}.Release|Any CPU.Build.0 = Release|Any CPU
		{F18DE513-9B78-4D1F-B132-090544C1652C}.Debug|Any CPU.ActiveCfg = Debug|Any CPU
		{F18DE513-9B78-4D1F-B132-090544C1652C}.Debug|Any CPU.Build.0 = Debug|Any CPU
		{F18DE513-9B78-4D1F-B132-090544C1652C}.Release|Any CPU.ActiveCfg = Release|Any CPU
		{F18DE513-9B78-4D1F-B132-090544C1652C}.Release|Any CPU.Build.0 = Release|Any CPU
		{2983CA35-1ED6-4E4D-BFE9-BA54C9A5872F}.Debug|Any CPU.ActiveCfg = Debug|Any CPU
		{2983CA35-1ED6-4E4D-BFE9-BA54C9A5872F}.Debug|Any CPU.Build.0 = Debug|Any CPU
		{2983CA35-1ED6-4E4D-BFE9-BA54C9A5872F}.Release|Any CPU.ActiveCfg = Release|Any CPU
		{2983CA35-1ED6-4E4D-BFE9-BA54C9A5872F}.Release|Any CPU.Build.0 = Release|Any CPU
		{19EEFB04-CF5C-4F86-AD1B-1D9055C21B65}.Debug|Any CPU.ActiveCfg = Debug|Any CPU
		{19EEFB04-CF5C-4F86-AD1B-1D9055C21B65}.Debug|Any CPU.Build.0 = Debug|Any CPU
		{19EEFB04-CF5C-4F86-AD1B-1D9055C21B65}.Release|Any CPU.ActiveCfg = Release|Any CPU
		{19EEFB04-CF5C-4F86-AD1B-1D9055C21B65}.Release|Any CPU.Build.0 = Release|Any CPU
		{AA1E0E4F-5807-43F2-A93C-41645AAF4846}.Debug|Any CPU.ActiveCfg = Debug|Any CPU
		{AA1E0E4F-5807-43F2-A93C-41645AAF4846}.Debug|Any CPU.Build.0 = Debug|Any CPU
		{AA1E0E4F-5807-43F2-A93C-41645AAF4846}.Release|Any CPU.ActiveCfg = Release|Any CPU
		{AA1E0E4F-5807-43F2-A93C-41645AAF4846}.Release|Any CPU.Build.0 = Release|Any CPU
		{15A57C72-5642-4E17-858D-6CDE5C1B1560}.Debug|Any CPU.ActiveCfg = Debug|Any CPU
		{15A57C72-5642-4E17-858D-6CDE5C1B1560}.Debug|Any CPU.Build.0 = Debug|Any CPU
		{15A57C72-5642-4E17-858D-6CDE5C1B1560}.Release|Any CPU.ActiveCfg = Release|Any CPU
		{15A57C72-5642-4E17-858D-6CDE5C1B1560}.Release|Any CPU.Build.0 = Release|Any CPU
	EndGlobalSection
	GlobalSection(SolutionProperties) = preSolution
		HideSolutionNode = FALSE
	EndGlobalSection
	GlobalSection(NestedProjects) = preSolution
		{FD1D83B0-63F0-49BD-95E9-F0D46987F5AE} = {2F3134F1-BACA-4EC4-950D-7EF83685347F}
		{B016ABB1-D2A1-4D49-9F21-0D91729C3C39} = {FD1D83B0-63F0-49BD-95E9-F0D46987F5AE}
		{55315401-F231-4A68-9963-1742EBAF1B64} = {2F3134F1-BACA-4EC4-950D-7EF83685347F}
		{A6FCE8ED-4E0B-4721-8A89-E434C0663FD3} = {55315401-F231-4A68-9963-1742EBAF1B64}
		{375291E9-D378-4130-B787-C9F1B0C3F9B5} = {55315401-F231-4A68-9963-1742EBAF1B64}
		{F523BE54-75FE-41F6-9752-003BB88A11BD} = {2F3134F1-BACA-4EC4-950D-7EF83685347F}
		{4ACC7F75-7CA4-4059-9978-542646DFA465} = {F523BE54-75FE-41F6-9752-003BB88A11BD}
		{08C75AAD-6921-4882-B9CE-89402FE88762} = {2F3134F1-BACA-4EC4-950D-7EF83685347F}
		{C0EB47B3-E126-4220-9F48-68928346AD27} = {08C75AAD-6921-4882-B9CE-89402FE88762}
		{49A2321C-9494-4B0E-B400-CDA068BD75A6} = {C0EB47B3-E126-4220-9F48-68928346AD27}
		{0E9A98C6-5AB5-4F74-9BB0-D94DBBF06A4B} = {2F3134F1-BACA-4EC4-950D-7EF83685347F}
		{76376189-3D1A-4F0C-BE6C-076217AD5422} = {0E9A98C6-5AB5-4F74-9BB0-D94DBBF06A4B}
		{A7162CC3-1C23-45F5-AB6C-6BFCFB006EB9} = {76376189-3D1A-4F0C-BE6C-076217AD5422}
		{198C94CF-A93D-4876-A90C-4A5B3EDE3AA0} = {76376189-3D1A-4F0C-BE6C-076217AD5422}
		{51A6839F-6A19-4211-9EA5-605216FBBA93} = {76376189-3D1A-4F0C-BE6C-076217AD5422}
		{F18DE513-9B78-4D1F-B132-090544C1652C} = {76376189-3D1A-4F0C-BE6C-076217AD5422}
		{DB787A2D-8479-47A8-A6BA-EC891D36EEEA} = {0E9A98C6-5AB5-4F74-9BB0-D94DBBF06A4B}
		{2983CA35-1ED6-4E4D-BFE9-BA54C9A5872F} = {DB787A2D-8479-47A8-A6BA-EC891D36EEEA}
		{19EEFB04-CF5C-4F86-AD1B-1D9055C21B65} = {DB787A2D-8479-47A8-A6BA-EC891D36EEEA}
		{AA1E0E4F-5807-43F2-A93C-41645AAF4846} = {DB787A2D-8479-47A8-A6BA-EC891D36EEEA}
		{15A57C72-5642-4E17-858D-6CDE5C1B1560} = {DB787A2D-8479-47A8-A6BA-EC891D36EEEA}
	EndGlobalSection
	GlobalSection(ExtensibilityGlobals) = postSolution
		SolutionGuid = {55D6066E-FE2F-465F-AC32-5CCDC9E24E08}
	EndGlobalSection
EndGlobal
