
Microsoft Visual Studio Solution File, Format Version 12.00
# Visual Studio Version 17
VisualStudioVersion = 17.5.002.0
MinimumVisualStudioVersion = 10.0.40219.1
Project("{2150E333-8FDC-42A3-9474-1A3956D46DE8}") = "src", "src", "{E518E192-E8F2-4DCE-A406-9C77C36B4786}"
EndProject
Project("{2150E333-8FDC-42A3-9474-1A3956D46DE8}") = "Common", "Common", "{40A137F1-291A-4A72-8AEA-D5DF1FFA27E4}"
EndProject
Project("{9A19103F-16F7-4668-BE54-9A1E7A4F7556}") = "KaiZai.Common.Types", "src\Common\KaiZai.Common.Types\KaiZai.Common.Types.csproj", "{19BC76D6-CBEB-43BA-A5A3-48187AA0C622}"
EndProject
Project("{2150E333-8FDC-42A3-9474-1A3956D46DE8}") = "Services.Common", "Services.Common", "{13311DE0-2B8A-495F-AF6E-54338AAE557A}"
EndProject
Project("{9A19103F-16F7-4668-BE54-9A1E7A4F7556}") = "KaiZai.Service.Common.MessageExchangeBaseConfigurator", "src\Services.Common\KaiZai.Service.Common.MessageExchangeBaseConfigurator\KaiZai.Service.Common.MessageExchangeBaseConfigurator.csproj", "{B467C80A-5DA8-4DEB-9286-8BAD83A4D55A}"
EndProject
Project("{9A19103F-16F7-4668-BE54-9A1E7A4F7556}") = "KaiZai.Service.Common.MongoDataAccessRepository", "src\Services.Common\KaiZai.Service.Common.MongoDataAccessRepository\KaiZai.Service.Common.MongoDataAccessRepository.csproj", "{40667626-F68B-4A1D-BD3E-F1D5E90DEB13}"
EndProject
Project("{2150E333-8FDC-42A3-9474-1A3956D46DE8}") = "Web", "Web", "{8617BF03-DCB5-422D-A559-42FD2025ABAE}"
EndProject
Project("{9A19103F-16F7-4668-BE54-9A1E7A4F7556}") = "KaiZai.WebSPA", "src\Web\KaiZai.WebSPA\KaiZai.WebSPA.csproj", "{1CDE0D93-B240-4CD0-865F-BF28541D80B5}"
EndProject
Project("{2150E333-8FDC-42A3-9474-1A3956D46DE8}") = "ApiGateways", "ApiGateways", "{E3827DA3-E477-4EE4-9647-C747F1DA4706}"
EndProject
Project("{2150E333-8FDC-42A3-9474-1A3956D46DE8}") = "KaiZai.Web.Bff", "KaiZai.Web.Bff", "{5E871685-7C8B-4715-84E5-6A6B0019BA66}"
EndProject
Project("{9A19103F-16F7-4668-BE54-9A1E7A4F7556}") = "Web.HttpAggregator", "src\ApiGateways\KaiZai.Web.Bff\aggregator\Web.HttpAggregator.csproj", "{5174714D-D466-4AF1-9C9F-43A7732D552E}"
EndProject
Project("{2150E333-8FDC-42A3-9474-1A3956D46DE8}") = "Services", "Services", "{DCF09222-0800-423A-9A7E-DF9768244A69}"
EndProject
Project("{2150E333-8FDC-42A3-9474-1A3956D46DE8}") = "KaiZai.Service.Categories", "KaiZai.Service.Categories", "{C6710970-AB0C-44BE-A29D-4DD7A0D190F1}"
EndProject
Project("{9A19103F-16F7-4668-BE54-9A1E7A4F7556}") = "KaiZai.Service.Categories.API", "src\Services\KaiZai.Service.Categories\KaiZai.Service.Categories.API\KaiZai.Service.Categories.API.csproj", "{EFBE15D5-EE1F-4080-A005-9B0DF833F5CA}"
EndProject
Project("{9A19103F-16F7-4668-BE54-9A1E7A4F7556}") = "KaiZai.Service.Categories.API.IntegrationTests", "src\Services\KaiZai.Service.Categories\KaiZai.Service.Categories.API.IntegrationTests\KaiZai.Service.Categories.API.IntegrationTests.csproj", "{628CC73A-29E1-4670-A381-E1B9C29C625D}"
EndProject
Project("{9A19103F-16F7-4668-BE54-9A1E7A4F7556}") = "KaiZai.Service.Categories.Contracts", "src\Services\KaiZai.Service.Categories\KaiZai.Service.Categories.Contracts\KaiZai.Service.Categories.Contracts.csproj", "{D10ABC09-4926-468F-8890-1694B33C9176}"
EndProject
Project("{9A19103F-16F7-4668-BE54-9A1E7A4F7556}") = "KaiZai.Service.Categories.UnitTests", "src\Services\KaiZai.Service.Categories\KaiZai.Service.Categories.UnitTests\KaiZai.Service.Categories.UnitTests.csproj", "{45B95C18-DDF1-4C1E-9B5E-074118829611}"
EndProject
Project("{2150E333-8FDC-42A3-9474-1A3956D46DE8}") = "KaiZai.Service.Incomes", "KaiZai.Service.Incomes", "{FC0495A0-E6C4-437A-9C23-E8674324446F}"
EndProject
Project("{9A19103F-16F7-4668-BE54-9A1E7A4F7556}") = "KaiZai.Service.Incomes.API", "src\Services\KaiZai.Service.Incomes\KaiZai.Service.Incomes.API\KaiZai.Service.Incomes.API.csproj", "{BBF9AD95-DFA1-4A35-BDD8-2839E84B4135}"
EndProject
Project("{9A19103F-16F7-4668-BE54-9A1E7A4F7556}") = "KaiZai.Service.Incomes.BAL", "src\Services\KaiZai.Service.Incomes\KaiZai.Service.Incomes.BAL\KaiZai.Service.Incomes.BAL.csproj", "{6976BFB6-C438-40AA-AFF6-1416362536BC}"
EndProject
Project("{9A19103F-16F7-4668-BE54-9A1E7A4F7556}") = "KaiZai.Service.Incomes.CL", "src\Services\KaiZai.Service.Incomes\KaiZai.Service.Incomes.CL\KaiZai.Service.Incomes.CL.csproj", "{BD00BCC6-7CA6-47F0-8D94-698A95D3D9D6}"
EndProject
Project("{9A19103F-16F7-4668-BE54-9A1E7A4F7556}") = "KaiZai.Service.Incomes.DAL", "src\Services\KaiZai.Service.Incomes\KaiZai.Service.Incomes.DAL\KaiZai.Service.Incomes.DAL.csproj", "{26D5438B-3E12-46C2-AA71-C76B095B107D}"
EndProject
Global
	GlobalSection(SolutionConfigurationPlatforms) = preSolution
		Debug|Any CPU = Debug|Any CPU
		Release|Any CPU = Release|Any CPU
	EndGlobalSection
	GlobalSection(ProjectConfigurationPlatforms) = postSolution
		{19BC76D6-CBEB-43BA-A5A3-48187AA0C622}.Debug|Any CPU.ActiveCfg = Debug|Any CPU
		{19BC76D6-CBEB-43BA-A5A3-48187AA0C622}.Debug|Any CPU.Build.0 = Debug|Any CPU
		{19BC76D6-CBEB-43BA-A5A3-48187AA0C622}.Release|Any CPU.ActiveCfg = Release|Any CPU
		{19BC76D6-CBEB-43BA-A5A3-48187AA0C622}.Release|Any CPU.Build.0 = Release|Any CPU
		{B467C80A-5DA8-4DEB-9286-8BAD83A4D55A}.Debug|Any CPU.ActiveCfg = Debug|Any CPU
		{B467C80A-5DA8-4DEB-9286-8BAD83A4D55A}.Debug|Any CPU.Build.0 = Debug|Any CPU
		{B467C80A-5DA8-4DEB-9286-8BAD83A4D55A}.Release|Any CPU.ActiveCfg = Release|Any CPU
		{B467C80A-5DA8-4DEB-9286-8BAD83A4D55A}.Release|Any CPU.Build.0 = Release|Any CPU
		{40667626-F68B-4A1D-BD3E-F1D5E90DEB13}.Debug|Any CPU.ActiveCfg = Debug|Any CPU
		{40667626-F68B-4A1D-BD3E-F1D5E90DEB13}.Debug|Any CPU.Build.0 = Debug|Any CPU
		{40667626-F68B-4A1D-BD3E-F1D5E90DEB13}.Release|Any CPU.ActiveCfg = Release|Any CPU
		{40667626-F68B-4A1D-BD3E-F1D5E90DEB13}.Release|Any CPU.Build.0 = Release|Any CPU
		{1CDE0D93-B240-4CD0-865F-BF28541D80B5}.Debug|Any CPU.ActiveCfg = Debug|Any CPU
		{1CDE0D93-B240-4CD0-865F-BF28541D80B5}.Debug|Any CPU.Build.0 = Debug|Any CPU
		{1CDE0D93-B240-4CD0-865F-BF28541D80B5}.Release|Any CPU.ActiveCfg = Release|Any CPU
		{1CDE0D93-B240-4CD0-865F-BF28541D80B5}.Release|Any CPU.Build.0 = Release|Any CPU
		{5174714D-D466-4AF1-9C9F-43A7732D552E}.Debug|Any CPU.ActiveCfg = Debug|Any CPU
		{5174714D-D466-4AF1-9C9F-43A7732D552E}.Debug|Any CPU.Build.0 = Debug|Any CPU
		{5174714D-D466-4AF1-9C9F-43A7732D552E}.Release|Any CPU.ActiveCfg = Release|Any CPU
		{5174714D-D466-4AF1-9C9F-43A7732D552E}.Release|Any CPU.Build.0 = Release|Any CPU
		{EFBE15D5-EE1F-4080-A005-9B0DF833F5CA}.Debug|Any CPU.ActiveCfg = Debug|Any CPU
		{EFBE15D5-EE1F-4080-A005-9B0DF833F5CA}.Debug|Any CPU.Build.0 = Debug|Any CPU
		{EFBE15D5-EE1F-4080-A005-9B0DF833F5CA}.Release|Any CPU.ActiveCfg = Release|Any CPU
		{EFBE15D5-EE1F-4080-A005-9B0DF833F5CA}.Release|Any CPU.Build.0 = Release|Any CPU
		{628CC73A-29E1-4670-A381-E1B9C29C625D}.Debug|Any CPU.ActiveCfg = Debug|Any CPU
		{628CC73A-29E1-4670-A381-E1B9C29C625D}.Debug|Any CPU.Build.0 = Debug|Any CPU
		{628CC73A-29E1-4670-A381-E1B9C29C625D}.Release|Any CPU.ActiveCfg = Release|Any CPU
		{628CC73A-29E1-4670-A381-E1B9C29C625D}.Release|Any CPU.Build.0 = Release|Any CPU
		{D10ABC09-4926-468F-8890-1694B33C9176}.Debug|Any CPU.ActiveCfg = Debug|Any CPU
		{D10ABC09-4926-468F-8890-1694B33C9176}.Debug|Any CPU.Build.0 = Debug|Any CPU
		{D10ABC09-4926-468F-8890-1694B33C9176}.Release|Any CPU.ActiveCfg = Release|Any CPU
		{D10ABC09-4926-468F-8890-1694B33C9176}.Release|Any CPU.Build.0 = Release|Any CPU
		{45B95C18-DDF1-4C1E-9B5E-074118829611}.Debug|Any CPU.ActiveCfg = Debug|Any CPU
		{45B95C18-DDF1-4C1E-9B5E-074118829611}.Debug|Any CPU.Build.0 = Debug|Any CPU
		{45B95C18-DDF1-4C1E-9B5E-074118829611}.Release|Any CPU.ActiveCfg = Release|Any CPU
		{45B95C18-DDF1-4C1E-9B5E-074118829611}.Release|Any CPU.Build.0 = Release|Any CPU
		{BBF9AD95-DFA1-4A35-BDD8-2839E84B4135}.Debug|Any CPU.ActiveCfg = Debug|Any CPU
		{BBF9AD95-DFA1-4A35-BDD8-2839E84B4135}.Debug|Any CPU.Build.0 = Debug|Any CPU
		{BBF9AD95-DFA1-4A35-BDD8-2839E84B4135}.Release|Any CPU.ActiveCfg = Release|Any CPU
		{BBF9AD95-DFA1-4A35-BDD8-2839E84B4135}.Release|Any CPU.Build.0 = Release|Any CPU
		{6976BFB6-C438-40AA-AFF6-1416362536BC}.Debug|Any CPU.ActiveCfg = Debug|Any CPU
		{6976BFB6-C438-40AA-AFF6-1416362536BC}.Debug|Any CPU.Build.0 = Debug|Any CPU
		{6976BFB6-C438-40AA-AFF6-1416362536BC}.Release|Any CPU.ActiveCfg = Release|Any CPU
		{6976BFB6-C438-40AA-AFF6-1416362536BC}.Release|Any CPU.Build.0 = Release|Any CPU
		{BD00BCC6-7CA6-47F0-8D94-698A95D3D9D6}.Debug|Any CPU.ActiveCfg = Debug|Any CPU
		{BD00BCC6-7CA6-47F0-8D94-698A95D3D9D6}.Debug|Any CPU.Build.0 = Debug|Any CPU
		{BD00BCC6-7CA6-47F0-8D94-698A95D3D9D6}.Release|Any CPU.ActiveCfg = Release|Any CPU
		{BD00BCC6-7CA6-47F0-8D94-698A95D3D9D6}.Release|Any CPU.Build.0 = Release|Any CPU
		{26D5438B-3E12-46C2-AA71-C76B095B107D}.Debug|Any CPU.ActiveCfg = Debug|Any CPU
		{26D5438B-3E12-46C2-AA71-C76B095B107D}.Debug|Any CPU.Build.0 = Debug|Any CPU
		{26D5438B-3E12-46C2-AA71-C76B095B107D}.Release|Any CPU.ActiveCfg = Release|Any CPU
		{26D5438B-3E12-46C2-AA71-C76B095B107D}.Release|Any CPU.Build.0 = Release|Any CPU
	EndGlobalSection
	GlobalSection(SolutionProperties) = preSolution
		HideSolutionNode = FALSE
	EndGlobalSection
	GlobalSection(NestedProjects) = preSolution
		{40A137F1-291A-4A72-8AEA-D5DF1FFA27E4} = {E518E192-E8F2-4DCE-A406-9C77C36B4786}
		{19BC76D6-CBEB-43BA-A5A3-48187AA0C622} = {40A137F1-291A-4A72-8AEA-D5DF1FFA27E4}
		{13311DE0-2B8A-495F-AF6E-54338AAE557A} = {E518E192-E8F2-4DCE-A406-9C77C36B4786}
		{B467C80A-5DA8-4DEB-9286-8BAD83A4D55A} = {13311DE0-2B8A-495F-AF6E-54338AAE557A}
		{40667626-F68B-4A1D-BD3E-F1D5E90DEB13} = {13311DE0-2B8A-495F-AF6E-54338AAE557A}
		{8617BF03-DCB5-422D-A559-42FD2025ABAE} = {E518E192-E8F2-4DCE-A406-9C77C36B4786}
		{1CDE0D93-B240-4CD0-865F-BF28541D80B5} = {8617BF03-DCB5-422D-A559-42FD2025ABAE}
		{E3827DA3-E477-4EE4-9647-C747F1DA4706} = {E518E192-E8F2-4DCE-A406-9C77C36B4786}
		{5E871685-7C8B-4715-84E5-6A6B0019BA66} = {E3827DA3-E477-4EE4-9647-C747F1DA4706}
		{5174714D-D466-4AF1-9C9F-43A7732D552E} = {5E871685-7C8B-4715-84E5-6A6B0019BA66}
		{DCF09222-0800-423A-9A7E-DF9768244A69} = {E518E192-E8F2-4DCE-A406-9C77C36B4786}
		{C6710970-AB0C-44BE-A29D-4DD7A0D190F1} = {DCF09222-0800-423A-9A7E-DF9768244A69}
		{EFBE15D5-EE1F-4080-A005-9B0DF833F5CA} = {C6710970-AB0C-44BE-A29D-4DD7A0D190F1}
		{628CC73A-29E1-4670-A381-E1B9C29C625D} = {C6710970-AB0C-44BE-A29D-4DD7A0D190F1}
		{D10ABC09-4926-468F-8890-1694B33C9176} = {C6710970-AB0C-44BE-A29D-4DD7A0D190F1}
		{45B95C18-DDF1-4C1E-9B5E-074118829611} = {C6710970-AB0C-44BE-A29D-4DD7A0D190F1}
		{FC0495A0-E6C4-437A-9C23-E8674324446F} = {DCF09222-0800-423A-9A7E-DF9768244A69}
		{BBF9AD95-DFA1-4A35-BDD8-2839E84B4135} = {FC0495A0-E6C4-437A-9C23-E8674324446F}
		{6976BFB6-C438-40AA-AFF6-1416362536BC} = {FC0495A0-E6C4-437A-9C23-E8674324446F}
		{BD00BCC6-7CA6-47F0-8D94-698A95D3D9D6} = {FC0495A0-E6C4-437A-9C23-E8674324446F}
		{26D5438B-3E12-46C2-AA71-C76B095B107D} = {FC0495A0-E6C4-437A-9C23-E8674324446F}
	EndGlobalSection
	GlobalSection(ExtensibilityGlobals) = postSolution
		SolutionGuid = {200534F8-EF28-46D6-B5C4-CC8831C81B0D}
	EndGlobalSection
EndGlobal
